
Microsoft Visual Studio Solution File, Format Version 12.00
# Visual Studio Version 17
VisualStudioVersion = 17.0.31903.59
MinimumVisualStudioVersion = 10.0.40219.1
Project("{9A19103F-16F7-4668-BE54-9A1E7A4F7556}") = "DataIngestor", "DataIngestor\DataIngestor.csproj", "{E44E4B63-F9F1-4459-BFCA-6ECE488A45DB}"
EndProject
Global
	GlobalSection(SolutionConfigurationPlatforms) = preSolution
		Debug|Any CPU = Debug|Any CPU
		Release|Any CPU = Release|Any CPU
	EndGlobalSection
	GlobalSection(ProjectConfigurationPlatforms) = postSolution
		{E44E4B63-F9F1-4459-BFCA-6ECE488A45DB}.Debug|Any CPU.ActiveCfg = Debug|Any CPU
		{E44E4B63-F9F1-4459-BFCA-6ECE488A45DB}.Debug|Any CPU.Build.0 = Debug|Any CPU
		{E44E4B63-F9F1-4459-BFCA-6ECE488A45DB}.Release|Any CPU.ActiveCfg = Release|Any CPU
		{E44E4B63-F9F1-4459-BFCA-6ECE488A45DB}.Release|Any CPU.Build.0 = Release|Any CPU
	EndGlobalSection
	GlobalSection(SolutionProperties) = preSolution
		HideSolutionNode = FALSE
	EndGlobalSection
	GlobalSection(ExtensibilityGlobals) = postSolution
		SolutionGuid = {52478A9D-55F6-404B-B16E-B1D04104D7BB}
	EndGlobalSection
EndGlobal
